// !$*UTF8*$!
{
	archiveVersion = 1;
	classes = {
	};
	objectVersion = 46;
	objects = {

/* Begin PBXBuildFile section */
		01D5A80B1D791F8B003CBEE1 /* main.m in Sources */ = {isa = PBXBuildFile; fileRef = 01D5A80A1D791F8B003CBEE1 /* main.m */; };
		01D5A80E1D791F8B003CBEE1 /* AppDelegate.m in Sources */ = {isa = PBXBuildFile; fileRef = 01D5A80D1D791F8B003CBEE1 /* AppDelegate.m */; };
		01D5A8111D791F8B003CBEE1 /* ViewController.m in Sources */ = {isa = PBXBuildFile; fileRef = 01D5A8101D791F8B003CBEE1 /* ViewController.m */; };
		01D5A8141D791F8B003CBEE1 /* Main.storyboard in Resources */ = {isa = PBXBuildFile; fileRef = 01D5A8121D791F8B003CBEE1 /* Main.storyboard */; };
		01D5A8161D791F8B003CBEE1 /* Assets.xcassets in Resources */ = {isa = PBXBuildFile; fileRef = 01D5A8151D791F8B003CBEE1 /* Assets.xcassets */; };
		01D5A8191D791F8B003CBEE1 /* LaunchScreen.storyboard in Resources */ = {isa = PBXBuildFile; fileRef = 01D5A8171D791F8B003CBEE1 /* LaunchScreen.storyboard */; };
		01D5A8241D791F8B003CBEE1 /* AXTransparentNavigationBarTests.m in Sources */ = {isa = PBXBuildFile; fileRef = 01D5A8231D791F8B003CBEE1 /* AXTransparentNavigationBarTests.m */; };
		01D5A82F1D791F8B003CBEE1 /* AXTransparentNavigationBarUITests.m in Sources */ = {isa = PBXBuildFile; fileRef = 01D5A82E1D791F8B003CBEE1 /* AXTransparentNavigationBarUITests.m */; };
		01D5A83E1D79213F003CBEE1 /* UINavigationBar+Transparent.m in Sources */ = {isa = PBXBuildFile; fileRef = 01D5A83D1D79213F003CBEE1 /* UINavigationBar+Transparent.m */; };
		01D5A8421D792613003CBEE1 /* ViewController2.m in Sources */ = {isa = PBXBuildFile; fileRef = 01D5A8411D792613003CBEE1 /* ViewController2.m */; };
		01D5A8441D792645003CBEE1 /* tst.jpg in Resources */ = {isa = PBXBuildFile; fileRef = 01D5A8431D792645003CBEE1 /* tst.jpg */; };
		24319CF1CF9DA257D8587A7C /* libPods-AXTransparentNavigationBar.a in Frameworks */ = {isa = PBXBuildFile; fileRef = 0FC34C7D0B9628D964F57D96 /* libPods-AXTransparentNavigationBar.a */; };
/* End PBXBuildFile section */

/* Begin PBXContainerItemProxy section */
		01D5A8201D791F8B003CBEE1 /* PBXContainerItemProxy */ = {
			isa = PBXContainerItemProxy;
			containerPortal = 01D5A7FE1D791F8B003CBEE1 /* Project object */;
			proxyType = 1;
			remoteGlobalIDString = 01D5A8051D791F8B003CBEE1;
			remoteInfo = AXTransparentNavigationBar;
		};
		01D5A82B1D791F8B003CBEE1 /* PBXContainerItemProxy */ = {
			isa = PBXContainerItemProxy;
			containerPortal = 01D5A7FE1D791F8B003CBEE1 /* Project object */;
			proxyType = 1;
			remoteGlobalIDString = 01D5A8051D791F8B003CBEE1;
			remoteInfo = AXTransparentNavigationBar;
		};
/* End PBXContainerItemProxy section */

/* Begin PBXFileReference section */
		01D5A8061D791F8B003CBEE1 /* AXTransparentNavigationBar.app */ = {isa = PBXFileReference; explicitFileType = wrapper.application; includeInIndex = 0; path = AXTransparentNavigationBar.app; sourceTree = BUILT_PRODUCTS_DIR; };
		01D5A80A1D791F8B003CBEE1 /* main.m */ = {isa = PBXFileReference; lastKnownFileType = sourcecode.c.objc; path = main.m; sourceTree = "<group>"; };
		01D5A80C1D791F8B003CBEE1 /* AppDelegate.h */ = {isa = PBXFileReference; lastKnownFileType = sourcecode.c.h; path = AppDelegate.h; sourceTree = "<group>"; };
		01D5A80D1D791F8B003CBEE1 /* AppDelegate.m */ = {isa = PBXFileReference; lastKnownFileType = sourcecode.c.objc; path = AppDelegate.m; sourceTree = "<group>"; };
		01D5A80F1D791F8B003CBEE1 /* ViewController.h */ = {isa = PBXFileReference; lastKnownFileType = sourcecode.c.h; path = ViewController.h; sourceTree = "<group>"; };
		01D5A8101D791F8B003CBEE1 /* ViewController.m */ = {isa = PBXFileReference; lastKnownFileType = sourcecode.c.objc; path = ViewController.m; sourceTree = "<group>"; };
		01D5A8131D791F8B003CBEE1 /* Base */ = {isa = PBXFileReference; lastKnownFileType = file.storyboard; name = Base; path = Base.lproj/Main.storyboard; sourceTree = "<group>"; };
		01D5A8151D791F8B003CBEE1 /* Assets.xcassets */ = {isa = PBXFileReference; lastKnownFileType = folder.assetcatalog; path = Assets.xcassets; sourceTree = "<group>"; };
		01D5A8181D791F8B003CBEE1 /* Base */ = {isa = PBXFileReference; lastKnownFileType = file.storyboard; name = Base; path = Base.lproj/LaunchScreen.storyboard; sourceTree = "<group>"; };
		01D5A81A1D791F8B003CBEE1 /* Info.plist */ = {isa = PBXFileReference; lastKnownFileType = text.plist.xml; path = Info.plist; sourceTree = "<group>"; };
		01D5A81F1D791F8B003CBEE1 /* AXTransparentNavigationBarTests.xctest */ = {isa = PBXFileReference; explicitFileType = wrapper.cfbundle; includeInIndex = 0; path = AXTransparentNavigationBarTests.xctest; sourceTree = BUILT_PRODUCTS_DIR; };
		01D5A8231D791F8B003CBEE1 /* AXTransparentNavigationBarTests.m */ = {isa = PBXFileReference; lastKnownFileType = sourcecode.c.objc; path = AXTransparentNavigationBarTests.m; sourceTree = "<group>"; };
		01D5A8251D791F8B003CBEE1 /* Info.plist */ = {isa = PBXFileReference; lastKnownFileType = text.plist.xml; path = Info.plist; sourceTree = "<group>"; };
		01D5A82A1D791F8B003CBEE1 /* AXTransparentNavigationBarUITests.xctest */ = {isa = PBXFileReference; explicitFileType = wrapper.cfbundle; includeInIndex = 0; path = AXTransparentNavigationBarUITests.xctest; sourceTree = BUILT_PRODUCTS_DIR; };
		01D5A82E1D791F8B003CBEE1 /* AXTransparentNavigationBarUITests.m */ = {isa = PBXFileReference; lastKnownFileType = sourcecode.c.objc; path = AXTransparentNavigationBarUITests.m; sourceTree = "<group>"; };
		01D5A8301D791F8B003CBEE1 /* Info.plist */ = {isa = PBXFileReference; lastKnownFileType = text.plist.xml; path = Info.plist; sourceTree = "<group>"; };
		01D5A83C1D79213F003CBEE1 /* UINavigationBar+Transparent.h */ = {isa = PBXFileReference; fileEncoding = 4; lastKnownFileType = sourcecode.c.h; name = "UINavigationBar+Transparent.h"; path = "Classes/UINavigationBar+Transparent.h"; sourceTree = "<group>"; };
		01D5A83D1D79213F003CBEE1 /* UINavigationBar+Transparent.m */ = {isa = PBXFileReference; fileEncoding = 4; lastKnownFileType = sourcecode.c.objc; name = "UINavigationBar+Transparent.m"; path = "Classes/UINavigationBar+Transparent.m"; sourceTree = "<group>"; };
		01D5A8401D792613003CBEE1 /* ViewController2.h */ = {isa = PBXFileReference; fileEncoding = 4; lastKnownFileType = sourcecode.c.h; path = ViewController2.h; sourceTree = "<group>"; };
		01D5A8411D792613003CBEE1 /* ViewController2.m */ = {isa = PBXFileReference; fileEncoding = 4; lastKnownFileType = sourcecode.c.objc; path = ViewController2.m; sourceTree = "<group>"; };
		01D5A8431D792645003CBEE1 /* tst.jpg */ = {isa = PBXFileReference; lastKnownFileType = image.jpeg; path = tst.jpg; sourceTree = "<group>"; };
		0FC34C7D0B9628D964F57D96 /* libPods-AXTransparentNavigationBar.a */ = {isa = PBXFileReference; explicitFileType = archive.ar; includeInIndex = 0; path = "libPods-AXTransparentNavigationBar.a"; sourceTree = BUILT_PRODUCTS_DIR; };
		3022CB0B1DB1500E312EE3C6 /* Pods-AXTransparentNavigationBar.release.xcconfig */ = {isa = PBXFileReference; includeInIndex = 1; lastKnownFileType = text.xcconfig; name = "Pods-AXTransparentNavigationBar.release.xcconfig"; path = "Pods/Target Support Files/Pods-AXTransparentNavigationBar/Pods-AXTransparentNavigationBar.release.xcconfig"; sourceTree = "<group>"; };
		74C8EA1A1762FB82E3FCBD4A /* Pods-AXTransparentNavigationBar.debug.xcconfig */ = {isa = PBXFileReference; includeInIndex = 1; lastKnownFileType = text.xcconfig; name = "Pods-AXTransparentNavigationBar.debug.xcconfig"; path = "Pods/Target Support Files/Pods-AXTransparentNavigationBar/Pods-AXTransparentNavigationBar.debug.xcconfig"; sourceTree = "<group>"; };
/* End PBXFileReference section */

/* Begin PBXFrameworksBuildPhase section */
		01D5A8031D791F8B003CBEE1 /* Frameworks */ = {
			isa = PBXFrameworksBuildPhase;
			buildActionMask = 2147483647;
			files = (
				24319CF1CF9DA257D8587A7C /* libPods-AXTransparentNavigationBar.a in Frameworks */,
			);
			runOnlyForDeploymentPostprocessing = 0;
		};
		01D5A81C1D791F8B003CBEE1 /* Frameworks */ = {
			isa = PBXFrameworksBuildPhase;
			buildActionMask = 2147483647;
			files = (
			);
			runOnlyForDeploymentPostprocessing = 0;
		};
		01D5A8271D791F8B003CBEE1 /* Frameworks */ = {
			isa = PBXFrameworksBuildPhase;
			buildActionMask = 2147483647;
			files = (
			);
			runOnlyForDeploymentPostprocessing = 0;
		};
/* End PBXFrameworksBuildPhase section */

/* Begin PBXGroup section */
		01D5A7FD1D791F8B003CBEE1 = {
			isa = PBXGroup;
			children = (
				01D5A8081D791F8B003CBEE1 /* AXTransparentNavigationBar */,
				01D5A8221D791F8B003CBEE1 /* AXTransparentNavigationBarTests */,
				01D5A82D1D791F8B003CBEE1 /* AXTransparentNavigationBarUITests */,
				01D5A8071D791F8B003CBEE1 /* Products */,
				8E47C2F76DCBC631AFB128D8 /* Pods */,
				5E69274D34FA84AE63910800 /* Frameworks */,
			);
			sourceTree = "<group>";
		};
		01D5A8071D791F8B003CBEE1 /* Products */ = {
			isa = PBXGroup;
			children = (
				01D5A8061D791F8B003CBEE1 /* AXTransparentNavigationBar.app */,
				01D5A81F1D791F8B003CBEE1 /* AXTransparentNavigationBarTests.xctest */,
				01D5A82A1D791F8B003CBEE1 /* AXTransparentNavigationBarUITests.xctest */,
			);
			name = Products;
			sourceTree = "<group>";
		};
		01D5A8081D791F8B003CBEE1 /* AXTransparentNavigationBar */ = {
			isa = PBXGroup;
			children = (
				01D5A80C1D791F8B003CBEE1 /* AppDelegate.h */,
				01D5A80D1D791F8B003CBEE1 /* AppDelegate.m */,
				01D5A80F1D791F8B003CBEE1 /* ViewController.h */,
				01D5A8101D791F8B003CBEE1 /* ViewController.m */,
				01D5A8401D792613003CBEE1 /* ViewController2.h */,
				01D5A8411D792613003CBEE1 /* ViewController2.m */,
				01D5A83F1D792142003CBEE1 /* Classes */,
				01D5A8121D791F8B003CBEE1 /* Main.storyboard */,
				01D5A8431D792645003CBEE1 /* tst.jpg */,
				01D5A8151D791F8B003CBEE1 /* Assets.xcassets */,
				01D5A8171D791F8B003CBEE1 /* LaunchScreen.storyboard */,
				01D5A81A1D791F8B003CBEE1 /* Info.plist */,
				01D5A8091D791F8B003CBEE1 /* Supporting Files */,
			);
			path = AXTransparentNavigationBar;
			sourceTree = "<group>";
		};
		01D5A8091D791F8B003CBEE1 /* Supporting Files */ = {
			isa = PBXGroup;
			children = (
				01D5A80A1D791F8B003CBEE1 /* main.m */,
			);
			name = "Supporting Files";
			sourceTree = "<group>";
		};
		01D5A8221D791F8B003CBEE1 /* AXTransparentNavigationBarTests */ = {
			isa = PBXGroup;
			children = (
				01D5A8231D791F8B003CBEE1 /* AXTransparentNavigationBarTests.m */,
				01D5A8251D791F8B003CBEE1 /* Info.plist */,
			);
			path = AXTransparentNavigationBarTests;
			sourceTree = "<group>";
		};
		01D5A82D1D791F8B003CBEE1 /* AXTransparentNavigationBarUITests */ = {
			isa = PBXGroup;
			children = (
				01D5A82E1D791F8B003CBEE1 /* AXTransparentNavigationBarUITests.m */,
				01D5A8301D791F8B003CBEE1 /* Info.plist */,
			);
			path = AXTransparentNavigationBarUITests;
			sourceTree = "<group>";
		};
		01D5A83F1D792142003CBEE1 /* Classes */ = {
			isa = PBXGroup;
			children = (
				01D5A83C1D79213F003CBEE1 /* UINavigationBar+Transparent.h */,
				01D5A83D1D79213F003CBEE1 /* UINavigationBar+Transparent.m */,
			);
			name = Classes;
			sourceTree = "<group>";
		};
		5E69274D34FA84AE63910800 /* Frameworks */ = {
			isa = PBXGroup;
			children = (
				0FC34C7D0B9628D964F57D96 /* libPods-AXTransparentNavigationBar.a */,
			);
			name = Frameworks;
			sourceTree = "<group>";
		};
		8E47C2F76DCBC631AFB128D8 /* Pods */ = {
			isa = PBXGroup;
			children = (
				74C8EA1A1762FB82E3FCBD4A /* Pods-AXTransparentNavigationBar.debug.xcconfig */,
				3022CB0B1DB1500E312EE3C6 /* Pods-AXTransparentNavigationBar.release.xcconfig */,
			);
			name = Pods;
			sourceTree = "<group>";
		};
/* End PBXGroup section */

/* Begin PBXNativeTarget section */
		01D5A8051D791F8B003CBEE1 /* AXTransparentNavigationBar */ = {
			isa = PBXNativeTarget;
			buildConfigurationList = 01D5A8331D791F8B003CBEE1 /* Build configuration list for PBXNativeTarget "AXTransparentNavigationBar" */;
			buildPhases = (
				B715C1ACD6E5474C1101267E /* [CP] Check Pods Manifest.lock */,
				01D5A8021D791F8B003CBEE1 /* Sources */,
				01D5A8031D791F8B003CBEE1 /* Frameworks */,
				01D5A8041D791F8B003CBEE1 /* Resources */,
				23EC3EA44797A2CD532CD72E /* [CP] Embed Pods Frameworks */,
				493D03CF385A7CEC915B2C02 /* [CP] Copy Pods Resources */,
			);
			buildRules = (
			);
			dependencies = (
			);
			name = AXTransparentNavigationBar;
			productName = AXTransparentNavigationBar;
			productReference = 01D5A8061D791F8B003CBEE1 /* AXTransparentNavigationBar.app */;
			productType = "com.apple.product-type.application";
		};
		01D5A81E1D791F8B003CBEE1 /* AXTransparentNavigationBarTests */ = {
			isa = PBXNativeTarget;
			buildConfigurationList = 01D5A8361D791F8B003CBEE1 /* Build configuration list for PBXNativeTarget "AXTransparentNavigationBarTests" */;
			buildPhases = (
				01D5A81B1D791F8B003CBEE1 /* Sources */,
				01D5A81C1D791F8B003CBEE1 /* Frameworks */,
				01D5A81D1D791F8B003CBEE1 /* Resources */,
			);
			buildRules = (
			);
			dependencies = (
				01D5A8211D791F8B003CBEE1 /* PBXTargetDependency */,
			);
			name = AXTransparentNavigationBarTests;
			productName = AXTransparentNavigationBarTests;
			productReference = 01D5A81F1D791F8B003CBEE1 /* AXTransparentNavigationBarTests.xctest */;
			productType = "com.apple.product-type.bundle.unit-test";
		};
		01D5A8291D791F8B003CBEE1 /* AXTransparentNavigationBarUITests */ = {
			isa = PBXNativeTarget;
			buildConfigurationList = 01D5A8391D791F8B003CBEE1 /* Build configuration list for PBXNativeTarget "AXTransparentNavigationBarUITests" */;
			buildPhases = (
				01D5A8261D791F8B003CBEE1 /* Sources */,
				01D5A8271D791F8B003CBEE1 /* Frameworks */,
				01D5A8281D791F8B003CBEE1 /* Resources */,
			);
			buildRules = (
			);
			dependencies = (
				01D5A82C1D791F8B003CBEE1 /* PBXTargetDependency */,
			);
			name = AXTransparentNavigationBarUITests;
			productName = AXTransparentNavigationBarUITests;
			productReference = 01D5A82A1D791F8B003CBEE1 /* AXTransparentNavigationBarUITests.xctest */;
			productType = "com.apple.product-type.bundle.ui-testing";
		};
/* End PBXNativeTarget section */

/* Begin PBXProject section */
		01D5A7FE1D791F8B003CBEE1 /* Project object */ = {
			isa = PBXProject;
			attributes = {
				LastUpgradeCheck = 0730;
				ORGANIZATIONNAME = jiangyou;
				TargetAttributes = {
					01D5A8051D791F8B003CBEE1 = {
						CreatedOnToolsVersion = 7.3.1;
					};
					01D5A81E1D791F8B003CBEE1 = {
						CreatedOnToolsVersion = 7.3.1;
						TestTargetID = 01D5A8051D791F8B003CBEE1;
					};
					01D5A8291D791F8B003CBEE1 = {
						CreatedOnToolsVersion = 7.3.1;
						TestTargetID = 01D5A8051D791F8B003CBEE1;
					};
				};
			};
			buildConfigurationList = 01D5A8011D791F8B003CBEE1 /* Build configuration list for PBXProject "AXTransparentNavigationBar" */;
			compatibilityVersion = "Xcode 3.2";
			developmentRegion = English;
			hasScannedForEncodings = 0;
			knownRegions = (
				en,
				Base,
			);
			mainGroup = 01D5A7FD1D791F8B003CBEE1;
			productRefGroup = 01D5A8071D791F8B003CBEE1 /* Products */;
			projectDirPath = "";
			projectRoot = "";
			targets = (
				01D5A8051D791F8B003CBEE1 /* AXTransparentNavigationBar */,
				01D5A81E1D791F8B003CBEE1 /* AXTransparentNavigationBarTests */,
				01D5A8291D791F8B003CBEE1 /* AXTransparentNavigationBarUITests */,
			);
		};
/* End PBXProject section */

/* Begin PBXResourcesBuildPhase section */
		01D5A8041D791F8B003CBEE1 /* Resources */ = {
			isa = PBXResourcesBuildPhase;
			buildActionMask = 2147483647;
			files = (
				01D5A8191D791F8B003CBEE1 /* LaunchScreen.storyboard in Resources */,
				01D5A8441D792645003CBEE1 /* tst.jpg in Resources */,
				01D5A8161D791F8B003CBEE1 /* Assets.xcassets in Resources */,
				01D5A8141D791F8B003CBEE1 /* Main.storyboard in Resources */,
			);
			runOnlyForDeploymentPostprocessing = 0;
		};
		01D5A81D1D791F8B003CBEE1 /* Resources */ = {
			isa = PBXResourcesBuildPhase;
			buildActionMask = 2147483647;
			files = (
			);
			runOnlyForDeploymentPostprocessing = 0;
		};
		01D5A8281D791F8B003CBEE1 /* Resources */ = {
			isa = PBXResourcesBuildPhase;
			buildActionMask = 2147483647;
			files = (
			);
			runOnlyForDeploymentPostprocessing = 0;
		};
/* End PBXResourcesBuildPhase section */

/* Begin PBXShellScriptBuildPhase section */
		23EC3EA44797A2CD532CD72E /* [CP] Embed Pods Frameworks */ = {
			isa = PBXShellScriptBuildPhase;
			buildActionMask = 2147483647;
			files = (
			);
			inputPaths = (
			);
			name = "[CP] Embed Pods Frameworks";
			outputPaths = (
			);
			runOnlyForDeploymentPostprocessing = 0;
			shellPath = /bin/sh;
			shellScript = "\"${SRCROOT}/Pods/Target Support Files/Pods-AXTransparentNavigationBar/Pods-AXTransparentNavigationBar-frameworks.sh\"\n";
			showEnvVarsInLog = 0;
		};
		493D03CF385A7CEC915B2C02 /* [CP] Copy Pods Resources */ = {
			isa = PBXShellScriptBuildPhase;
			buildActionMask = 2147483647;
			files = (
			);
			inputPaths = (
			);
			name = "[CP] Copy Pods Resources";
			outputPaths = (
			);
			runOnlyForDeploymentPostprocessing = 0;
			shellPath = /bin/sh;
			shellScript = "\"${SRCROOT}/Pods/Target Support Files/Pods-AXTransparentNavigationBar/Pods-AXTransparentNavigationBar-resources.sh\"\n";
			showEnvVarsInLog = 0;
		};
		B715C1ACD6E5474C1101267E /* [CP] Check Pods Manifest.lock */ = {
			isa = PBXShellScriptBuildPhase;
			buildActionMask = 2147483647;
			files = (
			);
			inputPaths = (
			);
			name = "[CP] Check Pods Manifest.lock";
			outputPaths = (
			);
			runOnlyForDeploymentPostprocessing = 0;
			shellPath = /bin/sh;
			shellScript = "diff \"${PODS_ROOT}/../Podfile.lock\" \"${PODS_ROOT}/Manifest.lock\" > /dev/null\nif [ $? != 0 ] ; then\n    # print error to STDERR\n    echo \"error: The sandbox is not in sync with the Podfile.lock. Run 'pod install' or update your CocoaPods installation.\" >&2\n    exit 1\nfi\n";
			showEnvVarsInLog = 0;
		};
/* End PBXShellScriptBuildPhase section */

/* Begin PBXSourcesBuildPhase section */
		01D5A8021D791F8B003CBEE1 /* Sources */ = {
			isa = PBXSourcesBuildPhase;
			buildActionMask = 2147483647;
			files = (
				01D5A83E1D79213F003CBEE1 /* UINavigationBar+Transparent.m in Sources */,
				01D5A8111D791F8B003CBEE1 /* ViewController.m in Sources */,
				01D5A8421D792613003CBEE1 /* ViewController2.m in Sources */,
				01D5A80E1D791F8B003CBEE1 /* AppDelegate.m in Sources */,
				01D5A80B1D791F8B003CBEE1 /* main.m in Sources */,
			);
			runOnlyForDeploymentPostprocessing = 0;
		};
		01D5A81B1D791F8B003CBEE1 /* Sources */ = {
			isa = PBXSourcesBuildPhase;
			buildActionMask = 2147483647;
			files = (
				01D5A8241D791F8B003CBEE1 /* AXTransparentNavigationBarTests.m in Sources */,
			);
			runOnlyForDeploymentPostprocessing = 0;
		};
		01D5A8261D791F8B003CBEE1 /* Sources */ = {
			isa = PBXSourcesBuildPhase;
			buildActionMask = 2147483647;
			files = (
				01D5A82F1D791F8B003CBEE1 /* AXTransparentNavigationBarUITests.m in Sources */,
			);
			runOnlyForDeploymentPostprocessing = 0;
		};
/* End PBXSourcesBuildPhase section */

/* Begin PBXTargetDependency section */
		01D5A8211D791F8B003CBEE1 /* PBXTargetDependency */ = {
			isa = PBXTargetDependency;
			target = 01D5A8051D791F8B003CBEE1 /* AXTransparentNavigationBar */;
			targetProxy = 01D5A8201D791F8B003CBEE1 /* PBXContainerItemProxy */;
		};
		01D5A82C1D791F8B003CBEE1 /* PBXTargetDependency */ = {
			isa = PBXTargetDependency;
			target = 01D5A8051D791F8B003CBEE1 /* AXTransparentNavigationBar */;
			targetProxy = 01D5A82B1D791F8B003CBEE1 /* PBXContainerItemProxy */;
		};
/* End PBXTargetDependency section */

/* Begin PBXVariantGroup section */
		01D5A8121D791F8B003CBEE1 /* Main.storyboard */ = {
			isa = PBXVariantGroup;
			children = (
				01D5A8131D791F8B003CBEE1 /* Base */,
			);
			name = Main.storyboard;
			sourceTree = "<group>";
		};
		01D5A8171D791F8B003CBEE1 /* LaunchScreen.storyboard */ = {
			isa = PBXVariantGroup;
			children = (
				01D5A8181D791F8B003CBEE1 /* Base */,
			);
			name = LaunchScreen.storyboard;
			sourceTree = "<group>";
		};
/* End PBXVariantGroup section */

/* Begin XCBuildConfiguration section */
		01D5A8311D791F8B003CBEE1 /* Debug */ = {
			isa = XCBuildConfiguration;
			buildSettings = {
				ALWAYS_SEARCH_USER_PATHS = NO;
				CLANG_ANALYZER_NONNULL = YES;
				CLANG_CXX_LANGUAGE_STANDARD = "gnu++0x";
				CLANG_CXX_LIBRARY = "libc++";
				CLANG_ENABLE_MODULES = YES;
				CLANG_ENABLE_OBJC_ARC = YES;
				CLANG_WARN_BOOL_CONVERSION = YES;
				CLANG_WARN_CONSTANT_CONVERSION = YES;
				CLANG_WARN_DIRECT_OBJC_ISA_USAGE = YES_ERROR;
				CLANG_WARN_EMPTY_BODY = YES;
				CLANG_WARN_ENUM_CONVERSION = YES;
				CLANG_WARN_INT_CONVERSION = YES;
				CLANG_WARN_OBJC_ROOT_CLASS = YES_ERROR;
				CLANG_WARN_UNREACHABLE_CODE = YES;
				CLANG_WARN__DUPLICATE_METHOD_MATCH = YES;
				"CODE_SIGN_IDENTITY[sdk=iphoneos*]" = "iPhone Developer";
				COPY_PHASE_STRIP = NO;
				DEBUG_INFORMATION_FORMAT = dwarf;
				ENABLE_STRICT_OBJC_MSGSEND = YES;
				ENABLE_TESTABILITY = YES;
				GCC_C_LANGUAGE_STANDARD = gnu99;
				GCC_DYNAMIC_NO_PIC = NO;
				GCC_NO_COMMON_BLOCKS = YES;
				GCC_OPTIMIZATION_LEVEL = 0;
				GCC_PREPROCESSOR_DEFINITIONS = (
					"DEBUG=1",
					"$(inherited)",
				);
				GCC_WARN_64_TO_32_BIT_CONVERSION = YES;
				GCC_WARN_ABOUT_RETURN_TYPE = YES_ERROR;
				GCC_WARN_UNDECLARED_SELECTOR = YES;
				GCC_WARN_UNINITIALIZED_AUTOS = YES_AGGRESSIVE;
				GCC_WARN_UNUSED_FUNCTION = YES;
				GCC_WARN_UNUSED_VARIABLE = YES;
				IPHONEOS_DEPLOYMENT_TARGET = 9.3;
				MTL_ENABLE_DEBUG_INFO = YES;
				ONLY_ACTIVE_ARCH = YES;
				SDKROOT = iphoneos;
			};
			name = Debug;
		};
		01D5A8321D791F8B003CBEE1 /* Release */ = {
			isa = XCBuildConfiguration;
			buildSettings = {
				ALWAYS_SEARCH_USER_PATHS = NO;
				CLANG_ANALYZER_NONNULL = YES;
				CLANG_CXX_LANGUAGE_STANDARD = "gnu++0x";
				CLANG_CXX_LIBRARY = "libc++";
				CLANG_ENABLE_MODULES = YES;
				CLANG_ENABLE_OBJC_ARC = YES;
				CLANG_WARN_BOOL_CONVERSION = YES;
				CLANG_WARN_CONSTANT_CONVERSION = YES;
				CLANG_WARN_DIRECT_OBJC_ISA_USAGE = YES_ERROR;
				CLANG_WARN_EMPTY_BODY = YES;
				CLANG_WARN_ENUM_CONVERSION = YES;
				CLANG_WARN_INT_CONVERSION = YES;
				CLANG_WARN_OBJC_ROOT_CLASS = YES_ERROR;
				CLANG_WARN_UNREACHABLE_CODE = YES;
				CLANG_WARN__DUPLICATE_METHOD_MATCH = YES;
				"CODE_SIGN_IDENTITY[sdk=iphoneos*]" = "iPhone Developer";
				COPY_PHASE_STRIP = NO;
				DEBUG_INFORMATION_FORMAT = "dwarf-with-dsym";
				ENABLE_NS_ASSERTIONS = NO;
				ENABLE_STRICT_OBJC_MSGSEND = YES;
				GCC_C_LANGUAGE_STANDARD = gnu99;
				GCC_NO_COMMON_BLOCKS = YES;
				GCC_WARN_64_TO_32_BIT_CONVERSION = YES;
				GCC_WARN_ABOUT_RETURN_TYPE = YES_ERROR;
				GCC_WARN_UNDECLARED_SELECTOR = YES;
				GCC_WARN_UNINITIALIZED_AUTOS = YES_AGGRESSIVE;
				GCC_WARN_UNUSED_FUNCTION = YES;
				GCC_WARN_UNUSED_VARIABLE = YES;
				IPHONEOS_DEPLOYMENT_TARGET = 9.3;
				MTL_ENABLE_DEBUG_INFO = NO;
				SDKROOT = iphoneos;
				VALIDATE_PRODUCT = YES;
			};
			name = Release;
		};
		01D5A8341D791F8B003CBEE1 /* Debug */ = {
			isa = XCBuildConfiguration;
			baseConfigurationReference = 74C8EA1A1762FB82E3FCBD4A /* Pods-AXTransparentNavigationBar.debug.xcconfig */;
			buildSettings = {
				ASSETCATALOG_COMPILER_APPICON_NAME = AppIcon;
				INFOPLIST_FILE = AXTransparentNavigationBar/Info.plist;
				LD_RUNPATH_SEARCH_PATHS = "$(inherited) @executable_path/Frameworks";
				PRODUCT_BUNDLE_IDENTIFIER = com.jiangyou.AXTransparentNavigationBar;
				PRODUCT_NAME = "$(TARGET_NAME)";
			};
			name = Debug;
		};
		01D5A8351D791F8B003CBEE1 /* Release */ = {
			isa = XCBuildConfiguration;
			baseConfigurationReference = 3022CB0B1DB1500E312EE3C6 /* Pods-AXTransparentNavigationBar.release.xcconfig */;
			buildSettings = {
				ASSETCATALOG_COMPILER_APPICON_NAME = AppIcon;
				INFOPLIST_FILE = AXTransparentNavigationBar/Info.plist;
				LD_RUNPATH_SEARCH_PATHS = "$(inherited) @executable_path/Frameworks";
				PRODUCT_BUNDLE_IDENTIFIER = com.jiangyou.AXTransparentNavigationBar;
				PRODUCT_NAME = "$(TARGET_NAME)";
			};
			name = Release;
		};
		01D5A8371D791F8B003CBEE1 /* Debug */ = {
			isa = XCBuildConfiguration;
			buildSettings = {
				BUNDLE_LOADER = "$(TEST_HOST)";
				INFOPLIST_FILE = AXTransparentNavigationBarTests/Info.plist;
				LD_RUNPATH_SEARCH_PATHS = "$(inherited) @executable_path/Frameworks @loader_path/Frameworks";
				PRODUCT_BUNDLE_IDENTIFIER = com.jiangyou.AXTransparentNavigationBarTests;
				PRODUCT_NAME = "$(TARGET_NAME)";
				TEST_HOST = "$(BUILT_PRODUCTS_DIR)/AXTransparentNavigationBar.app/AXTransparentNavigationBar";
			};
			name = Debug;
		};
		01D5A8381D791F8B003CBEE1 /* Release */ = {
			isa = XCBuildConfiguration;
			buildSettings = {
				BUNDLE_LOADER = "$(TEST_HOST)";
				INFOPLIST_FILE = AXTransparentNavigationBarTests/Info.plist;
				LD_RUNPATH_SEARCH_PATHS = "$(inherited) @executable_path/Frameworks @loader_path/Frameworks";
				PRODUCT_BUNDLE_IDENTIFIER = com.jiangyou.AXTransparentNavigationBarTests;
				PRODUCT_NAME = "$(TARGET_NAME)";
				TEST_HOST = "$(BUILT_PRODUCTS_DIR)/AXTransparentNavigationBar.app/AXTransparentNavigationBar";
			};
			name = Release;
		};
		01D5A83A1D791F8B003CBEE1 /* Debug */ = {
			isa = XCBuildConfiguration;
			buildSettings = {
				INFOPLIST_FILE = AXTransparentNavigationBarUITests/Info.plist;
				LD_RUNPATH_SEARCH_PATHS = "$(inherited) @executable_path/Frameworks @loader_path/Frameworks";
				PRODUCT_BUNDLE_IDENTIFIER = com.jiangyou.AXTransparentNavigationBarUITests;
				PRODUCT_NAME = "$(TARGET_NAME)";
				TEST_TARGET_NAME = AXTransparentNavigationBar;
			};
			name = Debug;
		};
		01D5A83B1D791F8B003CBEE1 /* Release */ = {
			isa = XCBuildConfiguration;
			buildSettings = {
				INFOPLIST_FILE = AXTransparentNavigationBarUITests/Info.plist;
				LD_RUNPATH_SEARCH_PATHS = "$(inherited) @executable_path/Frameworks @loader_path/Frameworks";
				PRODUCT_BUNDLE_IDENTIFIER = com.jiangyou.AXTransparentNavigationBarUITests;
				PRODUCT_NAME = "$(TARGET_NAME)";
				TEST_TARGET_NAME = AXTransparentNavigationBar;
			};
			name = Release;
		};
/* End XCBuildConfiguration section */

/* Begin XCConfigurationList section */
		01D5A8011D791F8B003CBEE1 /* Build configuration list for PBXProject "AXTransparentNavigationBar" */ = {
			isa = XCConfigurationList;
			buildConfigurations = (
				01D5A8311D791F8B003CBEE1 /* Debug */,
				01D5A8321D791F8B003CBEE1 /* Release */,
			);
			defaultConfigurationIsVisible = 0;
			defaultConfigurationName = Release;
		};
		01D5A8331D791F8B003CBEE1 /* Build configuration list for PBXNativeTarget "AXTransparentNavigationBar" */ = {
			isa = XCConfigurationList;
			buildConfigurations = (
				01D5A8341D791F8B003CBEE1 /* Debug */,
				01D5A8351D791F8B003CBEE1 /* Release */,
			);
			defaultConfigurationIsVisible = 0;
			defaultConfigurationName = Release;
		};
		01D5A8361D791F8B003CBEE1 /* Build configuration list for PBXNativeTarget "AXTransparentNavigationBarTests" */ = {
			isa = XCConfigurationList;
			buildConfigurations = (
				01D5A8371D791F8B003CBEE1 /* Debug */,
				01D5A8381D791F8B003CBEE1 /* Release */,
			);
			defaultConfigurationIsVisible = 0;
			defaultConfigurationName = Release;
		};
		01D5A8391D791F8B003CBEE1 /* Build configuration list for PBXNativeTarget "AXTransparentNavigationBarUITests" */ = {
			isa = XCConfigurationList;
			buildConfigurations = (
				01D5A83A1D791F8B003CBEE1 /* Debug */,
				01D5A83B1D791F8B003CBEE1 /* Release */,
			);
			defaultConfigurationIsVisible = 0;
			defaultConfigurationName = Release;
		};
/* End XCConfigurationList section */
	};
	rootObject = 01D5A7FE1D791F8B003CBEE1 /* Project object */;
}
